
Microsoft Visual Studio Solution File, Format Version 12.00
# Visual Studio Version 17
VisualStudioVersion = 17.14.36511.14 d17.14
MinimumVisualStudioVersion = 10.0.40219.1
Project("{FAE04EC0-301F-11D3-BF4B-00C04F79EFBC}") = "Edi.AspNetCore.Utils", "Edi.AspNetCore.Utils\Edi.AspNetCore.Utils.csproj", "{B8153C74-2D32-4569-B662-039D9DE06EBE}"
EndProject
Global
	GlobalSection(SolutionConfigurationPlatforms) = preSolution
		Debug|Any CPU = Debug|Any CPU
		Release|Any CPU = Release|Any CPU
	EndGlobalSection
	GlobalSection(ProjectConfigurationPlatforms) = postSolution
		{B8153C74-2D32-4569-B662-039D9DE06EBE}.Debug|Any CPU.ActiveCfg = Debug|Any CPU
		{B8153C74-2D32-4569-B662-039D9DE06EBE}.Debug|Any CPU.Build.0 = Debug|Any CPU
		{B8153C74-2D32-4569-B662-039D9DE06EBE}.Release|Any CPU.ActiveCfg = Release|Any CPU
		{B8153C74-2D32-4569-B662-039D9DE06EBE}.Release|Any CPU.Build.0 = Release|Any CPU
	EndGlobalSection
	GlobalSection(SolutionProperties) = preSolution
		HideSolutionNode = FALSE
	EndGlobalSection
	GlobalSection(ExtensibilityGlobals) = postSolution
		SolutionGuid = {2AC19732-F704-466E-A408-9CAD1F428912}
	EndGlobalSection
EndGlobal
